
Microsoft Visual Studio Solution File, Format Version 12.00
# Visual Studio Version 17
VisualStudioVersion = 17.6.33829.357
MinimumVisualStudioVersion = 10.0.40219.1
Project("{FAE04EC0-301F-11D3-BF4B-00C04F79EFBC}") = "Demo1", "Demo1.csproj", "{A6FBA309-9F1F-49DA-B52B-02965DB0AE64}"
EndProject
Global
	GlobalSection(SolutionConfigurationPlatforms) = preSolution
		Debug|Any CPU = Debug|Any CPU
		Release|Any CPU = Release|Any CPU
	EndGlobalSection
	GlobalSection(ProjectConfigurationPlatforms) = postSolution
		{A6FBA309-9F1F-49DA-B52B-02965DB0AE64}.Debug|Any CPU.ActiveCfg = Debug|Any CPU
		{A6FBA309-9F1F-49DA-B52B-02965DB0AE64}.Debug|Any CPU.Build.0 = Debug|Any CPU
		{A6FBA309-9F1F-49DA-B52B-02965DB0AE64}.Release|Any CPU.ActiveCfg = Release|Any CPU
		{A6FBA309-9F1F-49DA-B52B-02965DB0AE64}.Release|Any CPU.Build.0 = Release|Any CPU
	EndGlobalSection
	GlobalSection(SolutionProperties) = preSolution
		HideSolutionNode = FALSE
	EndGlobalSection
	GlobalSection(ExtensibilityGlobals) = postSolution
		SolutionGuid = {D12B7E3A-2A87-4362-93F8-8ED8236054A5}
	EndGlobalSection
EndGlobal
